
Microsoft Visual Studio Solution File, Format Version 12.00
# Visual Studio Version 17
VisualStudioVersion = 17.1.32228.430
MinimumVisualStudioVersion = 10.0.40219.1
Project("{9A19103F-16F7-4668-BE54-9A1E7A4F7556}") = "TextAnalyzer", "TextAnalyzer\TextAnalyzer.csproj", "{68F69E88-C7EA-488C-B3D1-B979A80DEF2F}"
EndProject
Project("{FAE04EC0-301F-11D3-BF4B-00C04F79EFBC}") = "TestTextAnalyzer", "TestTextAnalyzer\TestTextAnalyzer.csproj", "{289AAA04-5AD6-422A-860D-0FD7A902B761}"
EndProject
Global
	GlobalSection(SolutionConfigurationPlatforms) = preSolution
		Debug|Any CPU = Debug|Any CPU
		Release|Any CPU = Release|Any CPU
	EndGlobalSection
	GlobalSection(ProjectConfigurationPlatforms) = postSolution
		{68F69E88-C7EA-488C-B3D1-B979A80DEF2F}.Debug|Any CPU.ActiveCfg = Debug|Any CPU
		{68F69E88-C7EA-488C-B3D1-B979A80DEF2F}.Debug|Any CPU.Build.0 = Debug|Any CPU
		{68F69E88-C7EA-488C-B3D1-B979A80DEF2F}.Release|Any CPU.ActiveCfg = Release|Any CPU
		{68F69E88-C7EA-488C-B3D1-B979A80DEF2F}.Release|Any CPU.Build.0 = Release|Any CPU
		{289AAA04-5AD6-422A-860D-0FD7A902B761}.Debug|Any CPU.ActiveCfg = Debug|Any CPU
		{289AAA04-5AD6-422A-860D-0FD7A902B761}.Debug|Any CPU.Build.0 = Debug|Any CPU
		{289AAA04-5AD6-422A-860D-0FD7A902B761}.Release|Any CPU.ActiveCfg = Release|Any CPU
		{289AAA04-5AD6-422A-860D-0FD7A902B761}.Release|Any CPU.Build.0 = Release|Any CPU
	EndGlobalSection
	GlobalSection(SolutionProperties) = preSolution
		HideSolutionNode = FALSE
	EndGlobalSection
	GlobalSection(ExtensibilityGlobals) = postSolution
		SolutionGuid = {C442616C-473E-4C39-B172-7BE5C83F413D}
	EndGlobalSection
EndGlobal
